{
  "name": "logicvein-live-nx-inventory-bridge",
  "lockfileVersion": 3,
  "requires": true,
  "packages": {
    "": {
      "name": "logicvein-live-nx-inventory-bridge",
      "dependencies": {
        "csv-parse": "^6.1.0",
        "dotenv": "^17.2.0"
      }
    },
    "node_modules/csv-parse": {
      "version": "6.2.1",
      "resolved": "https://registry.npmjs.org/csv-parse/-/csv-parse-6.2.1.tgz",
      "integrity": "sha512-LRLMV+UCyfMokp8Wb411duBf1gaBKJfOfBWU9eHMJ+b+cJYZsNu3AFmjJf3+yPGd59Exz1TsMjaSFyxnYB9+IQ==",
      "license": "MIT"
    },
    "node_modules/dotenv": {
      "version": "17.4.2",
      "resolved": "https://registry.npmjs.org/dotenv/-/dotenv-17.4.2.tgz",
      "integrity": "sha512-nI4U3TottKAcAD9LLud4Cb7b2QztQMUEfHbvhTH09bqXTxnSie8WnjPALV/WMCrJZ6UV/qHJ6L03OqO3LcdYZw==",
      "license": "BSD-2-Clause",
      "engines": {
        "node": ">=12"
      },
      "funding": {
        "url": "https://dotenvx.com"
      }
    }
  }
}
